
Microsoft Visual Studio Solution File, Format Version 12.00
# Visual Studio Version 17
VisualStudioVersion = 17.9.34701.34
MinimumVisualStudioVersion = 10.0.40219.1
Project("{9A19103F-16F7-4668-BE54-9A1E7A4F7556}") = "SortedAPI", "Sorted.API\SortedAPI.csproj", "{35936AF6-72A7-4A2C-A137-3C9F86B223D7}"
EndProject
Project("{9A19103F-16F7-4668-BE54-9A1E7A4F7556}") = "Sorted.Application", "Sorted.Application\Sorted.Application.csproj", "{8B1BAA6B-6841-449C-90BF-826B224B24B3}"
EndProject
Project("{9A19103F-16F7-4668-BE54-9A1E7A4F7556}") = "Sorted.Domain", "Sorted.Domain\Sorted.Domain.csproj", "{8B0A2272-E985-4B38-946D-2F54CB835CB9}"
EndProject
Project("{9A19103F-16F7-4668-BE54-9A1E7A4F7556}") = "Sorted.Infrastructure", "Sorted.Infrastructure\Sorted.Infrastructure.csproj", "{582E19FA-D116-43A6-8814-C827BDCD439C}"
EndProject
Project("{FAE04EC0-301F-11D3-BF4B-00C04F79EFBC}") = "Sorted.Test", "Sorted.Test\Sorted.Test.csproj", "{82D671DA-3584-42BC-AE16-A813732E61F1}"
EndProject
Global
	GlobalSection(SolutionConfigurationPlatforms) = preSolution
		Debug|Any CPU = Debug|Any CPU
		Release|Any CPU = Release|Any CPU
	EndGlobalSection
	GlobalSection(ProjectConfigurationPlatforms) = postSolution
		{35936AF6-72A7-4A2C-A137-3C9F86B223D7}.Debug|Any CPU.ActiveCfg = Debug|Any CPU
		{35936AF6-72A7-4A2C-A137-3C9F86B223D7}.Debug|Any CPU.Build.0 = Debug|Any CPU
		{35936AF6-72A7-4A2C-A137-3C9F86B223D7}.Release|Any CPU.ActiveCfg = Release|Any CPU
		{35936AF6-72A7-4A2C-A137-3C9F86B223D7}.Release|Any CPU.Build.0 = Release|Any CPU
		{8B1BAA6B-6841-449C-90BF-826B224B24B3}.Debug|Any CPU.ActiveCfg = Debug|Any CPU
		{8B1BAA6B-6841-449C-90BF-826B224B24B3}.Debug|Any CPU.Build.0 = Debug|Any CPU
		{8B1BAA6B-6841-449C-90BF-826B224B24B3}.Release|Any CPU.ActiveCfg = Release|Any CPU
		{8B1BAA6B-6841-449C-90BF-826B224B24B3}.Release|Any CPU.Build.0 = Release|Any CPU
		{8B0A2272-E985-4B38-946D-2F54CB835CB9}.Debug|Any CPU.ActiveCfg = Debug|Any CPU
		{8B0A2272-E985-4B38-946D-2F54CB835CB9}.Debug|Any CPU.Build.0 = Debug|Any CPU
		{8B0A2272-E985-4B38-946D-2F54CB835CB9}.Release|Any CPU.ActiveCfg = Release|Any CPU
		{8B0A2272-E985-4B38-946D-2F54CB835CB9}.Release|Any CPU.Build.0 = Release|Any CPU
		{582E19FA-D116-43A6-8814-C827BDCD439C}.Debug|Any CPU.ActiveCfg = Debug|Any CPU
		{582E19FA-D116-43A6-8814-C827BDCD439C}.Debug|Any CPU.Build.0 = Debug|Any CPU
		{582E19FA-D116-43A6-8814-C827BDCD439C}.Release|Any CPU.ActiveCfg = Release|Any CPU
		{582E19FA-D116-43A6-8814-C827BDCD439C}.Release|Any CPU.Build.0 = Release|Any CPU
		{82D671DA-3584-42BC-AE16-A813732E61F1}.Debug|Any CPU.ActiveCfg = Debug|Any CPU
		{82D671DA-3584-42BC-AE16-A813732E61F1}.Debug|Any CPU.Build.0 = Debug|Any CPU
		{82D671DA-3584-42BC-AE16-A813732E61F1}.Release|Any CPU.ActiveCfg = Release|Any CPU
		{82D671DA-3584-42BC-AE16-A813732E61F1}.Release|Any CPU.Build.0 = Release|Any CPU
	EndGlobalSection
	GlobalSection(SolutionProperties) = preSolution
		HideSolutionNode = FALSE
	EndGlobalSection
	GlobalSection(ExtensibilityGlobals) = postSolution
		SolutionGuid = {C2F631D6-1CC2-47D9-B862-59F1925DDC94}
	EndGlobalSection
EndGlobal
